<?xml version="1.0" encoding="utf-8"?>
<Project ToolsVersion="15.0" xmlns="http://schemas.microsoft.com/developer/msbuild/2003">
  <ItemGroup>
    <CustomBuild Include="C:\Users\mat950\Documents\Software\Sim\PredictSimpleIntervention\Software\PredSim\opensimAD\buildExpressionGraph\F_Falisse2022_25mTorso_15pIncline\CMakeFiles\98fa2efe601464ec69b3b8a9fc47a9a8\generate.stamp.rule">
      <Filter>CMake Rules</Filter>
    </CustomBuild>
  </ItemGroup>
  <ItemGroup>
    <Filter Include="CMake Rules">
      <UniqueIdentifier>{A39D1756-678C-3B55-8E6A-3EA31B6FFF7B}</UniqueIdentifier>
    </Filter>
  </ItemGroup>
</Project>
