<?xml version="1.0" encoding="utf-8"?>
<Project ToolsVersion="15.0" xmlns="http://schemas.microsoft.com/developer/msbuild/2003">
  <ItemGroup>
    <CustomBuild Include="C:\Users\mat950\Documents\Software\Sim\PredictSimpleIntervention\Software\PredSim\opensimAD\build-ExternalFunction\F_Falisse2022_25mTorso_15pIncline\CMakeFiles\e0b6edf800547065675e93dcb7d1d20d\INSTALL_force.rule">
      <Filter>CMake Rules</Filter>
    </CustomBuild>
  </ItemGroup>
  <ItemGroup>
    <Filter Include="CMake Rules">
      <UniqueIdentifier>{E3593C41-C3C4-39A5-BE1E-E8E76C1F5983}</UniqueIdentifier>
    </Filter>
  </ItemGroup>
</Project>
